
Microsoft Visual Studio Solution File, Format Version 12.00
Project("{FAE04EC0-301F-11D3-BF4B-00C04F79EFBC}") = "ResearchConfiguration", "ResearchConfiguration\ResearchConfiguration.csproj", "{4DE2A468-17B7-498D-9DE8-09B1E6768AF5}"
EndProject
Project("{FAE04EC0-301F-11D3-BF4B-00C04F79EFBC}") = "Runner", "Runner\Runner.csproj", "{B0BA63C6-999B-44AA-A702-163146EE8FAA}"
EndProject
Global
	GlobalSection(SolutionConfigurationPlatforms) = preSolution
		Debug|Any CPU = Debug|Any CPU
		Release|Any CPU = Release|Any CPU
	EndGlobalSection
	GlobalSection(ProjectConfigurationPlatforms) = postSolution
		{4DE2A468-17B7-498D-9DE8-09B1E6768AF5}.Debug|Any CPU.ActiveCfg = Debug|Any CPU
		{4DE2A468-17B7-498D-9DE8-09B1E6768AF5}.Debug|Any CPU.Build.0 = Debug|Any CPU
		{4DE2A468-17B7-498D-9DE8-09B1E6768AF5}.Release|Any CPU.ActiveCfg = Release|Any CPU
		{4DE2A468-17B7-498D-9DE8-09B1E6768AF5}.Release|Any CPU.Build.0 = Release|Any CPU
		{B0BA63C6-999B-44AA-A702-163146EE8FAA}.Debug|Any CPU.ActiveCfg = Debug|Any CPU
		{B0BA63C6-999B-44AA-A702-163146EE8FAA}.Debug|Any CPU.Build.0 = Debug|Any CPU
		{B0BA63C6-999B-44AA-A702-163146EE8FAA}.Release|Any CPU.ActiveCfg = Release|Any CPU
		{B0BA63C6-999B-44AA-A702-163146EE8FAA}.Release|Any CPU.Build.0 = Release|Any CPU
	EndGlobalSection
EndGlobal
